
Microsoft Visual Studio Solution File, Format Version 12.00
# Visual Studio Version 16
VisualStudioVersion = 16.0.31613.86
MinimumVisualStudioVersion = 10.0.40219.1
Project("{FAE04EC0-301F-11D3-BF4B-00C04F79EFBC}") = "RentalKendaraan", "RentalKendaraan\RentalKendaraan.csproj", "{73D77685-2312-455D-A3FA-94453A403CCB}"
EndProject
Global
	GlobalSection(SolutionConfigurationPlatforms) = preSolution
		Debug|Any CPU = Debug|Any CPU
		Release|Any CPU = Release|Any CPU
	EndGlobalSection
	GlobalSection(ProjectConfigurationPlatforms) = postSolution
		{73D77685-2312-455D-A3FA-94453A403CCB}.Debug|Any CPU.ActiveCfg = Debug|Any CPU
		{73D77685-2312-455D-A3FA-94453A403CCB}.Debug|Any CPU.Build.0 = Debug|Any CPU
		{73D77685-2312-455D-A3FA-94453A403CCB}.Release|Any CPU.ActiveCfg = Release|Any CPU
		{73D77685-2312-455D-A3FA-94453A403CCB}.Release|Any CPU.Build.0 = Release|Any CPU
	EndGlobalSection
	GlobalSection(SolutionProperties) = preSolution
		HideSolutionNode = FALSE
	EndGlobalSection
	GlobalSection(ExtensibilityGlobals) = postSolution
		SolutionGuid = {14FA032F-ADB1-4952-AF28-85A43C480A8A}
	EndGlobalSection
EndGlobal
